
Microsoft Visual Studio Solution File, Format Version 12.00
# Visual Studio Version 17
VisualStudioVersion = 17.12.35514.174 d17.12
MinimumVisualStudioVersion = 10.0.40219.1
Project("{FAE04EC0-301F-11D3-BF4B-00C04F79EFBC}") = "WpfApp6", "WpfApp6.csproj", "{737F7A46-D94D-4D8E-8B2B-E468BD92CB02}"
EndProject
Global
	GlobalSection(SolutionConfigurationPlatforms) = preSolution
		Debug|Any CPU = Debug|Any CPU
		Release|Any CPU = Release|Any CPU
	EndGlobalSection
	GlobalSection(ProjectConfigurationPlatforms) = postSolution
		{737F7A46-D94D-4D8E-8B2B-E468BD92CB02}.Debug|Any CPU.ActiveCfg = Debug|Any CPU
		{737F7A46-D94D-4D8E-8B2B-E468BD92CB02}.Debug|Any CPU.Build.0 = Debug|Any CPU
		{737F7A46-D94D-4D8E-8B2B-E468BD92CB02}.Release|Any CPU.ActiveCfg = Release|Any CPU
		{737F7A46-D94D-4D8E-8B2B-E468BD92CB02}.Release|Any CPU.Build.0 = Release|Any CPU
	EndGlobalSection
	GlobalSection(SolutionProperties) = preSolution
		HideSolutionNode = FALSE
	EndGlobalSection
EndGlobal
